
Microsoft Visual Studio Solution File, Format Version 12.00
# Visual Studio 14
VisualStudioVersion = 14.0.25420.1
MinimumVisualStudioVersion = 10.0.40219.1
Project("{8BC9CEB8-8B4A-11D0-8D11-00A0C91BC942}") = "binaryenlib", "binaryen.vcxproj", "{B8D3044B-E3F5-490F-8282-470A4902C389}"
EndProject
Project("{8BC9CEB8-8B4A-11D0-8D11-00A0C91BC942}") = "binaryendll", "binaryendll.vcxproj", "{48ACED78-C94B-4A45-AE61-2C74BF773FB9}"
	ProjectSection(ProjectDependencies) = postProject
		{B8D3044B-E3F5-490F-8282-470A4902C389} = {B8D3044B-E3F5-490F-8282-470A4902C389}
	EndProjectSection
EndProject
Project("{8BC9CEB8-8B4A-11D0-8D11-00A0C91BC942}") = "asm2wasm", "asm2wasm.vcxproj", "{658D63BB-CA30-46A7-ACB0-0AD81FB8B0C6}"
EndProject
Project("{8BC9CEB8-8B4A-11D0-8D11-00A0C91BC942}") = "wasm2asm", "wasm2asm.vcxproj", "{77C8254A-05A5-4B3C-8A60-F40CC2D105E2}"
EndProject
Project("{8BC9CEB8-8B4A-11D0-8D11-00A0C91BC942}") = "wasm-as", "wasm-as.vcxproj", "{9EAD8FDB-3E9F-4276-9F46-421C86025368}"
EndProject
Project("{8BC9CEB8-8B4A-11D0-8D11-00A0C91BC942}") = "wasm-dis", "wasm-dis.vcxproj", "{123ECBDC-6B42-42FC-A9C8-C46E2BE67776}"
EndProject
Project("{8BC9CEB8-8B4A-11D0-8D11-00A0C91BC942}") = "wasm-ctor-eval", "wasm-ctor-eval.vcxproj", "{C35E93FB-8DA1-4F82-A7C3-4E0AE51507A7}"
EndProject
Project("{8BC9CEB8-8B4A-11D0-8D11-00A0C91BC942}") = "wasm-emscripten-finalize", "wasm-emscripten-finalize.vcxproj", "{3CE4B3F2-6466-4BB8-A34A-BD4C1B3BF5B4}"
EndProject
Project("{8BC9CEB8-8B4A-11D0-8D11-00A0C91BC942}") = "wasm_merge", "wasm_merge.vcxproj", "{8F037130-CACC-4B43-9499-E624DFDC243C}"
EndProject
Project("{8BC9CEB8-8B4A-11D0-8D11-00A0C91BC942}") = "wasm-metadce", "wasm-metadce.vcxproj", "{A20F5D9E-2F15-4687-9C7C-AA17E0FC526D}"
EndProject
Project("{8BC9CEB8-8B4A-11D0-8D11-00A0C91BC942}") = "wasm-opt", "wasm-opt.vcxproj", "{9A7DF10D-799C-4E42-8680-0A969136826A}"
EndProject
Project("{8BC9CEB8-8B4A-11D0-8D11-00A0C91BC942}") = "wasm-reduce", "wasm-reduce.vcxproj", "{D6FEEA3E-B254-48B6-892F-BEA8E72F5551}"
EndProject
Project("{8BC9CEB8-8B4A-11D0-8D11-00A0C91BC942}") = "wasm-shell", "wasm-shell.vcxproj", "{AA7D3650-955C-4C6F-85E3-517557CDE1B0}"
EndProject
Global
	GlobalSection(SolutionConfigurationPlatforms) = preSolution
		Debug|x64 = Debug|x64
		Debug|x86 = Debug|x86
		Release|x64 = Release|x64
		Release|x86 = Release|x86
	EndGlobalSection
	GlobalSection(ProjectConfigurationPlatforms) = postSolution
		{B8D3044B-E3F5-490F-8282-470A4902C389}.Debug|x64.ActiveCfg = Debug|x64
		{B8D3044B-E3F5-490F-8282-470A4902C389}.Debug|x64.Build.0 = Debug|x64
		{B8D3044B-E3F5-490F-8282-470A4902C389}.Debug|x86.ActiveCfg = Debug|Win32
		{B8D3044B-E3F5-490F-8282-470A4902C389}.Debug|x86.Build.0 = Debug|Win32
		{B8D3044B-E3F5-490F-8282-470A4902C389}.Release|x64.ActiveCfg = Release|x64
		{B8D3044B-E3F5-490F-8282-470A4902C389}.Release|x64.Build.0 = Release|x64
		{B8D3044B-E3F5-490F-8282-470A4902C389}.Release|x86.ActiveCfg = Release|Win32
		{B8D3044B-E3F5-490F-8282-470A4902C389}.Release|x86.Build.0 = Release|Win32
		{48ACED78-C94B-4A45-AE61-2C74BF773FB9}.Debug|x64.ActiveCfg = Debug|x64
		{48ACED78-C94B-4A45-AE61-2C74BF773FB9}.Debug|x64.Build.0 = Debug|x64
		{48ACED78-C94B-4A45-AE61-2C74BF773FB9}.Debug|x86.ActiveCfg = Debug|Win32
		{48ACED78-C94B-4A45-AE61-2C74BF773FB9}.Debug|x86.Build.0 = Debug|Win32
		{48ACED78-C94B-4A45-AE61-2C74BF773FB9}.Release|x64.ActiveCfg = Release|x64
		{48ACED78-C94B-4A45-AE61-2C74BF773FB9}.Release|x64.Build.0 = Release|x64
		{48ACED78-C94B-4A45-AE61-2C74BF773FB9}.Release|x86.ActiveCfg = Release|Win32
		{48ACED78-C94B-4A45-AE61-2C74BF773FB9}.Release|x86.Build.0 = Release|Win32
		{658D63BB-CA30-46A7-ACB0-0AD81FB8B0C6}.Debug|x64.ActiveCfg = Debug|x64
		{658D63BB-CA30-46A7-ACB0-0AD81FB8B0C6}.Debug|x64.Build.0 = Debug|x64
		{658D63BB-CA30-46A7-ACB0-0AD81FB8B0C6}.Debug|x86.ActiveCfg = Debug|Win32
		{658D63BB-CA30-46A7-ACB0-0AD81FB8B0C6}.Debug|x86.Build.0 = Debug|Win32
		{658D63BB-CA30-46A7-ACB0-0AD81FB8B0C6}.Release|x64.ActiveCfg = Release|x64
		{658D63BB-CA30-46A7-ACB0-0AD81FB8B0C6}.Release|x64.Build.0 = Release|x64
		{658D63BB-CA30-46A7-ACB0-0AD81FB8B0C6}.Release|x86.ActiveCfg = Release|Win32
		{658D63BB-CA30-46A7-ACB0-0AD81FB8B0C6}.Release|x86.Build.0 = Release|Win32
		{77C8254A-05A5-4B3C-8A60-F40CC2D105E2}.Debug|x64.ActiveCfg = Debug|x64
		{77C8254A-05A5-4B3C-8A60-F40CC2D105E2}.Debug|x64.Build.0 = Debug|x64
		{77C8254A-05A5-4B3C-8A60-F40CC2D105E2}.Debug|x86.ActiveCfg = Debug|Win32
		{77C8254A-05A5-4B3C-8A60-F40CC2D105E2}.Debug|x86.Build.0 = Debug|Win32
		{77C8254A-05A5-4B3C-8A60-F40CC2D105E2}.Release|x64.ActiveCfg = Release|x64
		{77C8254A-05A5-4B3C-8A60-F40CC2D105E2}.Release|x64.Build.0 = Release|x64
		{77C8254A-05A5-4B3C-8A60-F40CC2D105E2}.Release|x86.ActiveCfg = Release|Win32
		{77C8254A-05A5-4B3C-8A60-F40CC2D105E2}.Release|x86.Build.0 = Release|Win32
		{9EAD8FDB-3E9F-4276-9F46-421C86025368}.Debug|x64.ActiveCfg = Debug|x64
		{9EAD8FDB-3E9F-4276-9F46-421C86025368}.Debug|x64.Build.0 = Debug|x64
		{9EAD8FDB-3E9F-4276-9F46-421C86025368}.Debug|x86.ActiveCfg = Debug|Win32
		{9EAD8FDB-3E9F-4276-9F46-421C86025368}.Debug|x86.Build.0 = Debug|Win32
		{9EAD8FDB-3E9F-4276-9F46-421C86025368}.Release|x64.ActiveCfg = Release|x64
		{9EAD8FDB-3E9F-4276-9F46-421C86025368}.Release|x64.Build.0 = Release|x64
		{9EAD8FDB-3E9F-4276-9F46-421C86025368}.Release|x86.ActiveCfg = Release|Win32
		{9EAD8FDB-3E9F-4276-9F46-421C86025368}.Release|x86.Build.0 = Release|Win32
		{123ECBDC-6B42-42FC-A9C8-C46E2BE67776}.Debug|x64.ActiveCfg = Debug|x64
		{123ECBDC-6B42-42FC-A9C8-C46E2BE67776}.Debug|x64.Build.0 = Debug|x64
		{123ECBDC-6B42-42FC-A9C8-C46E2BE67776}.Debug|x86.ActiveCfg = Debug|Win32
		{123ECBDC-6B42-42FC-A9C8-C46E2BE67776}.Debug|x86.Build.0 = Debug|Win32
		{123ECBDC-6B42-42FC-A9C8-C46E2BE67776}.Release|x64.ActiveCfg = Release|x64
		{123ECBDC-6B42-42FC-A9C8-C46E2BE67776}.Release|x64.Build.0 = Release|x64
		{123ECBDC-6B42-42FC-A9C8-C46E2BE67776}.Release|x86.ActiveCfg = Release|Win32
		{123ECBDC-6B42-42FC-A9C8-C46E2BE67776}.Release|x86.Build.0 = Release|Win32
		{C35E93FB-8DA1-4F82-A7C3-4E0AE51507A7}.Debug|x64.ActiveCfg = Debug|x64
		{C35E93FB-8DA1-4F82-A7C3-4E0AE51507A7}.Debug|x64.Build.0 = Debug|x64
		{C35E93FB-8DA1-4F82-A7C3-4E0AE51507A7}.Debug|x86.ActiveCfg = Debug|Win32
		{C35E93FB-8DA1-4F82-A7C3-4E0AE51507A7}.Debug|x86.Build.0 = Debug|Win32
		{C35E93FB-8DA1-4F82-A7C3-4E0AE51507A7}.Release|x64.ActiveCfg = Release|x64
		{C35E93FB-8DA1-4F82-A7C3-4E0AE51507A7}.Release|x64.Build.0 = Release|x64
		{C35E93FB-8DA1-4F82-A7C3-4E0AE51507A7}.Release|x86.ActiveCfg = Release|Win32
		{C35E93FB-8DA1-4F82-A7C3-4E0AE51507A7}.Release|x86.Build.0 = Release|Win32
		{3CE4B3F2-6466-4BB8-A34A-BD4C1B3BF5B4}.Debug|x64.ActiveCfg = Debug|x64
		{3CE4B3F2-6466-4BB8-A34A-BD4C1B3BF5B4}.Debug|x64.Build.0 = Debug|x64
		{3CE4B3F2-6466-4BB8-A34A-BD4C1B3BF5B4}.Debug|x86.ActiveCfg = Debug|Win32
		{3CE4B3F2-6466-4BB8-A34A-BD4C1B3BF5B4}.Debug|x86.Build.0 = Debug|Win32
		{3CE4B3F2-6466-4BB8-A34A-BD4C1B3BF5B4}.Release|x64.ActiveCfg = Release|x64
		{3CE4B3F2-6466-4BB8-A34A-BD4C1B3BF5B4}.Release|x64.Build.0 = Release|x64
		{3CE4B3F2-6466-4BB8-A34A-BD4C1B3BF5B4}.Release|x86.ActiveCfg = Release|Win32
		{3CE4B3F2-6466-4BB8-A34A-BD4C1B3BF5B4}.Release|x86.Build.0 = Release|Win32
		{8F037130-CACC-4B43-9499-E624DFDC243C}.Debug|x64.ActiveCfg = Debug|x64
		{8F037130-CACC-4B43-9499-E624DFDC243C}.Debug|x64.Build.0 = Debug|x64
		{8F037130-CACC-4B43-9499-E624DFDC243C}.Debug|x86.ActiveCfg = Debug|Win32
		{8F037130-CACC-4B43-9499-E624DFDC243C}.Debug|x86.Build.0 = Debug|Win32
		{8F037130-CACC-4B43-9499-E624DFDC243C}.Release|x64.ActiveCfg = Release|x64
		{8F037130-CACC-4B43-9499-E624DFDC243C}.Release|x64.Build.0 = Release|x64
		{8F037130-CACC-4B43-9499-E624DFDC243C}.Release|x86.ActiveCfg = Release|Win32
		{8F037130-CACC-4B43-9499-E624DFDC243C}.Release|x86.Build.0 = Release|Win32
		{A20F5D9E-2F15-4687-9C7C-AA17E0FC526D}.Debug|x64.ActiveCfg = Debug|x64
		{A20F5D9E-2F15-4687-9C7C-AA17E0FC526D}.Debug|x64.Build.0 = Debug|x64
		{A20F5D9E-2F15-4687-9C7C-AA17E0FC526D}.Debug|x86.ActiveCfg = Debug|Win32
		{A20F5D9E-2F15-4687-9C7C-AA17E0FC526D}.Debug|x86.Build.0 = Debug|Win32
		{A20F5D9E-2F15-4687-9C7C-AA17E0FC526D}.Release|x64.ActiveCfg = Release|x64
		{A20F5D9E-2F15-4687-9C7C-AA17E0FC526D}.Release|x64.Build.0 = Release|x64
		{A20F5D9E-2F15-4687-9C7C-AA17E0FC526D}.Release|x86.ActiveCfg = Release|Win32
		{A20F5D9E-2F15-4687-9C7C-AA17E0FC526D}.Release|x86.Build.0 = Release|Win32
		{9A7DF10D-799C-4E42-8680-0A969136826A}.Debug|x64.ActiveCfg = Debug|x64
		{9A7DF10D-799C-4E42-8680-0A969136826A}.Debug|x64.Build.0 = Debug|x64
		{9A7DF10D-799C-4E42-8680-0A969136826A}.Debug|x86.ActiveCfg = Debug|Win32
		{9A7DF10D-799C-4E42-8680-0A969136826A}.Debug|x86.Build.0 = Debug|Win32
		{9A7DF10D-799C-4E42-8680-0A969136826A}.Release|x64.ActiveCfg = Release|x64
		{9A7DF10D-799C-4E42-8680-0A969136826A}.Release|x64.Build.0 = Release|x64
		{9A7DF10D-799C-4E42-8680-0A969136826A}.Release|x86.ActiveCfg = Release|Win32
		{9A7DF10D-799C-4E42-8680-0A969136826A}.Release|x86.Build.0 = Release|Win32
		{D6FEEA3E-B254-48B6-892F-BEA8E72F5551}.Debug|x64.ActiveCfg = Debug|x64
		{D6FEEA3E-B254-48B6-892F-BEA8E72F5551}.Debug|x64.Build.0 = Debug|x64
		{D6FEEA3E-B254-48B6-892F-BEA8E72F5551}.Debug|x86.ActiveCfg = Debug|Win32
		{D6FEEA3E-B254-48B6-892F-BEA8E72F5551}.Debug|x86.Build.0 = Debug|Win32
		{D6FEEA3E-B254-48B6-892F-BEA8E72F5551}.Release|x64.ActiveCfg = Release|x64
		{D6FEEA3E-B254-48B6-892F-BEA8E72F5551}.Release|x64.Build.0 = Release|x64
		{D6FEEA3E-B254-48B6-892F-BEA8E72F5551}.Release|x86.ActiveCfg = Release|Win32
		{D6FEEA3E-B254-48B6-892F-BEA8E72F5551}.Release|x86.Build.0 = Release|Win32
		{AA7D3650-955C-4C6F-85E3-517557CDE1B0}.Debug|x64.ActiveCfg = Debug|x64
		{AA7D3650-955C-4C6F-85E3-517557CDE1B0}.Debug|x64.Build.0 = Debug|x64
		{AA7D3650-955C-4C6F-85E3-517557CDE1B0}.Debug|x86.ActiveCfg = Debug|Win32
		{AA7D3650-955C-4C6F-85E3-517557CDE1B0}.Debug|x86.Build.0 = Debug|Win32
		{AA7D3650-955C-4C6F-85E3-517557CDE1B0}.Release|x64.ActiveCfg = Release|x64
		{AA7D3650-955C-4C6F-85E3-517557CDE1B0}.Release|x64.Build.0 = Release|x64
		{AA7D3650-955C-4C6F-85E3-517557CDE1B0}.Release|x86.ActiveCfg = Release|Win32
		{AA7D3650-955C-4C6F-85E3-517557CDE1B0}.Release|x86.Build.0 = Release|Win32
	EndGlobalSection
	GlobalSection(SolutionProperties) = preSolution
		HideSolutionNode = FALSE
	EndGlobalSection
EndGlobal
